
Microsoft Visual Studio Solution File, Format Version 12.00
# Visual Studio 15
VisualStudioVersion = 15.0.28307.1913
MinimumVisualStudioVersion = 10.0.40219.1
Project("{FAE04EC0-301F-11D3-BF4B-00C04F79EFBC}") = "Home_Shoppe", "Home_Shoppe\Home_Shoppe.csproj", "{0D11362E-1328-416C-B474-69E9D6F8835F}"
EndProject
Global
	GlobalSection(SolutionConfigurationPlatforms) = preSolution
		Debug|Any CPU = Debug|Any CPU
		Release|Any CPU = Release|Any CPU
	EndGlobalSection
	GlobalSection(ProjectConfigurationPlatforms) = postSolution
		{0D11362E-1328-416C-B474-69E9D6F8835F}.Debug|Any CPU.ActiveCfg = Debug|Any CPU
		{0D11362E-1328-416C-B474-69E9D6F8835F}.Debug|Any CPU.Build.0 = Debug|Any CPU
		{0D11362E-1328-416C-B474-69E9D6F8835F}.Release|Any CPU.ActiveCfg = Release|Any CPU
		{0D11362E-1328-416C-B474-69E9D6F8835F}.Release|Any CPU.Build.0 = Release|Any CPU
	EndGlobalSection
	GlobalSection(SolutionProperties) = preSolution
		HideSolutionNode = FALSE
	EndGlobalSection
	GlobalSection(ExtensibilityGlobals) = postSolution
		SolutionGuid = {280BD914-2583-4564-9C9B-D7F2EFD40FC4}
	EndGlobalSection
EndGlobal
